
Microsoft Visual Studio Solution File, Format Version 12.00
# Visual Studio Version 17
VisualStudioVersion = 17.13.36105.23 d17.13
MinimumVisualStudioVersion = 10.0.40219.1
Project("{FAE04EC0-301F-11D3-BF4B-00C04F79EFBC}") = "TaskWithPriorityApp", "TaskWithPriorityApp\TaskWithPriorityApp.csproj", "{70B1EA16-2AA6-4E6B-8996-78BE9EFD20DD}"
EndProject
Global
	GlobalSection(SolutionConfigurationPlatforms) = preSolution
		Debug|Any CPU = Debug|Any CPU
		Release|Any CPU = Release|Any CPU
	EndGlobalSection
	GlobalSection(ProjectConfigurationPlatforms) = postSolution
		{70B1EA16-2AA6-4E6B-8996-78BE9EFD20DD}.Debug|Any CPU.ActiveCfg = Debug|Any CPU
		{70B1EA16-2AA6-4E6B-8996-78BE9EFD20DD}.Debug|Any CPU.Build.0 = Debug|Any CPU
		{70B1EA16-2AA6-4E6B-8996-78BE9EFD20DD}.Release|Any CPU.ActiveCfg = Release|Any CPU
		{70B1EA16-2AA6-4E6B-8996-78BE9EFD20DD}.Release|Any CPU.Build.0 = Release|Any CPU
	EndGlobalSection
	GlobalSection(SolutionProperties) = preSolution
		HideSolutionNode = FALSE
	EndGlobalSection
	GlobalSection(ExtensibilityGlobals) = postSolution
		SolutionGuid = {1382F079-D9AF-4FAB-A949-855104AC6AE3}
	EndGlobalSection
EndGlobal
